// !$*UTF8*$!
{
	archiveVersion = 1;
	classes = {
	};
	objectVersion = 46;
	objects = {

/* Begin PBXBuildFile section */
		21252CF61A587102001E649A /* main.m in Sources */ = {isa = PBXBuildFile; fileRef = 21252CF51A587102001E649A /* main.m */; };
		21252CF91A587102001E649A /* CardGameAppDelegate.m in Sources */ = {isa = PBXBuildFile; fileRef = 21252CF81A587102001E649A /* CardGameAppDelegate.m */; };
		21252CFC1A587102001E649A /* CardGameViewController.m in Sources */ = {isa = PBXBuildFile; fileRef = 21252CFB1A587102001E649A /* CardGameViewController.m */; };
		21252CFF1A587102001E649A /* Main.storyboard in Resources */ = {isa = PBXBuildFile; fileRef = 21252CFD1A587102001E649A /* Main.storyboard */; };
		21252D011A587102001E649A /* Images.xcassets in Resources */ = {isa = PBXBuildFile; fileRef = 21252D001A587102001E649A /* Images.xcassets */; };
		21252D041A587102001E649A /* LaunchScreen.xib in Resources */ = {isa = PBXBuildFile; fileRef = 21252D021A587102001E649A /* LaunchScreen.xib */; };
		21252D101A587102001E649A /* MatchismoTests.m in Sources */ = {isa = PBXBuildFile; fileRef = 21252D0F1A587102001E649A /* MatchismoTests.m */; };
		21252D1B1A5889B5001E649A /* Card.m in Sources */ = {isa = PBXBuildFile; fileRef = 21252D1A1A5889B5001E649A /* Card.m */; };
		21252D1F1A588C37001E649A /* PlayingCard.m in Sources */ = {isa = PBXBuildFile; fileRef = 21252D1E1A588C37001E649A /* PlayingCard.m */; };
		21252D221A588E64001E649A /* Deck.m in Sources */ = {isa = PBXBuildFile; fileRef = 21252D211A588E64001E649A /* Deck.m */; };
		21252D251A58907E001E649A /* PlayingCardDeck.m in Sources */ = {isa = PBXBuildFile; fileRef = 21252D241A58907E001E649A /* PlayingCardDeck.m */; };
/* End PBXBuildFile section */

/* Begin PBXContainerItemProxy section */
		21252D0A1A587102001E649A /* PBXContainerItemProxy */ = {
			isa = PBXContainerItemProxy;
			containerPortal = 21252CE81A587102001E649A /* Project object */;
			proxyType = 1;
			remoteGlobalIDString = 21252CEF1A587102001E649A;
			remoteInfo = Matchismo;
		};
/* End PBXContainerItemProxy section */

/* Begin PBXFileReference section */
		21252CF01A587102001E649A /* Matchismo.app */ = {isa = PBXFileReference; explicitFileType = wrapper.application; includeInIndex = 0; path = Matchismo.app; sourceTree = BUILT_PRODUCTS_DIR; };
		21252CF41A587102001E649A /* Info.plist */ = {isa = PBXFileReference; lastKnownFileType = text.plist.xml; path = Info.plist; sourceTree = "<group>"; };
		21252CF51A587102001E649A /* main.m */ = {isa = PBXFileReference; lastKnownFileType = sourcecode.c.objc; path = main.m; sourceTree = "<group>"; };
		21252CF71A587102001E649A /* CardGameAppDelegate.h */ = {isa = PBXFileReference; lastKnownFileType = sourcecode.c.h; path = CardGameAppDelegate.h; sourceTree = "<group>"; };
		21252CF81A587102001E649A /* CardGameAppDelegate.m */ = {isa = PBXFileReference; lastKnownFileType = sourcecode.c.objc; path = CardGameAppDelegate.m; sourceTree = "<group>"; };
		21252CFA1A587102001E649A /* CardGameViewController.h */ = {isa = PBXFileReference; lastKnownFileType = sourcecode.c.h; path = CardGameViewController.h; sourceTree = "<group>"; };
		21252CFB1A587102001E649A /* CardGameViewController.m */ = {isa = PBXFileReference; lastKnownFileType = sourcecode.c.objc; path = CardGameViewController.m; sourceTree = "<group>"; };
		21252CFE1A587102001E649A /* Base */ = {isa = PBXFileReference; lastKnownFileType = file.storyboard; name = Base; path = Base.lproj/Main.storyboard; sourceTree = "<group>"; };
		21252D001A587102001E649A /* Images.xcassets */ = {isa = PBXFileReference; lastKnownFileType = folder.assetcatalog; path = Images.xcassets; sourceTree = "<group>"; };
		21252D031A587102001E649A /* Base */ = {isa = PBXFileReference; lastKnownFileType = file.xib; name = Base; path = Base.lproj/LaunchScreen.xib; sourceTree = "<group>"; };
		21252D091A587102001E649A /* MatchismoTests.xctest */ = {isa = PBXFileReference; explicitFileType = wrapper.cfbundle; includeInIndex = 0; path = MatchismoTests.xctest; sourceTree = BUILT_PRODUCTS_DIR; };
		21252D0E1A587102001E649A /* Info.plist */ = {isa = PBXFileReference; lastKnownFileType = text.plist.xml; path = Info.plist; sourceTree = "<group>"; };
		21252D0F1A587102001E649A /* MatchismoTests.m */ = {isa = PBXFileReference; lastKnownFileType = sourcecode.c.objc; path = MatchismoTests.m; sourceTree = "<group>"; };
		21252D191A5889B5001E649A /* Card.h */ = {isa = PBXFileReference; fileEncoding = 4; lastKnownFileType = sourcecode.c.h; name = Card.h; path = Model/Card.h; sourceTree = "<group>"; };
		21252D1A1A5889B5001E649A /* Card.m */ = {isa = PBXFileReference; fileEncoding = 4; lastKnownFileType = sourcecode.c.objc; name = Card.m; path = Model/Card.m; sourceTree = "<group>"; };
		21252D1D1A588C37001E649A /* PlayingCard.h */ = {isa = PBXFileReference; fileEncoding = 4; lastKnownFileType = sourcecode.c.h; name = PlayingCard.h; path = Model/PlayingCard.h; sourceTree = "<group>"; };
		21252D1E1A588C37001E649A /* PlayingCard.m */ = {isa = PBXFileReference; fileEncoding = 4; lastKnownFileType = sourcecode.c.objc; name = PlayingCard.m; path = Model/PlayingCard.m; sourceTree = "<group>"; };
		21252D201A588E64001E649A /* Deck.h */ = {isa = PBXFileReference; fileEncoding = 4; lastKnownFileType = sourcecode.c.h; name = Deck.h; path = Model/Deck.h; sourceTree = "<group>"; };
		21252D211A588E64001E649A /* Deck.m */ = {isa = PBXFileReference; fileEncoding = 4; lastKnownFileType = sourcecode.c.objc; name = Deck.m; path = Model/Deck.m; sourceTree = "<group>"; };
		21252D231A58907E001E649A /* PlayingCardDeck.h */ = {isa = PBXFileReference; fileEncoding = 4; lastKnownFileType = sourcecode.c.h; name = PlayingCardDeck.h; path = Model/PlayingCardDeck.h; sourceTree = "<group>"; };
		21252D241A58907E001E649A /* PlayingCardDeck.m */ = {isa = PBXFileReference; fileEncoding = 4; lastKnownFileType = sourcecode.c.objc; name = PlayingCardDeck.m; path = Model/PlayingCardDeck.m; sourceTree = "<group>"; };
/* End PBXFileReference section */

/* Begin PBXFrameworksBuildPhase section */
		21252CED1A587102001E649A /* Frameworks */ = {
			isa = PBXFrameworksBuildPhase;
			buildActionMask = 2147483647;
			files = (
			);
			runOnlyForDeploymentPostprocessing = 0;
		};
		21252D061A587102001E649A /* Frameworks */ = {
			isa = PBXFrameworksBuildPhase;
			buildActionMask = 2147483647;
			files = (
			);
			runOnlyForDeploymentPostprocessing = 0;
		};
/* End PBXFrameworksBuildPhase section */

/* Begin PBXGroup section */
		21252CE71A587102001E649A = {
			isa = PBXGroup;
			children = (
				21252CF21A587102001E649A /* Matchismo */,
				21252D0C1A587102001E649A /* MatchismoTests */,
				21252CF11A587102001E649A /* Products */,
			);
			sourceTree = "<group>";
		};
		21252CF11A587102001E649A /* Products */ = {
			isa = PBXGroup;
			children = (
				21252CF01A587102001E649A /* Matchismo.app */,
				21252D091A587102001E649A /* MatchismoTests.xctest */,
			);
			name = Products;
			sourceTree = "<group>";
		};
		21252CF21A587102001E649A /* Matchismo */ = {
			isa = PBXGroup;
			children = (
				21252CFA1A587102001E649A /* CardGameViewController.h */,
				21252CFB1A587102001E649A /* CardGameViewController.m */,
				21252CFD1A587102001E649A /* Main.storyboard */,
				21252D1C1A588AB4001E649A /* Model */,
				21252D001A587102001E649A /* Images.xcassets */,
				21252D021A587102001E649A /* LaunchScreen.xib */,
				21252CF31A587102001E649A /* Supporting Files */,
			);
			path = Matchismo;
			sourceTree = "<group>";
		};
		21252CF31A587102001E649A /* Supporting Files */ = {
			isa = PBXGroup;
			children = (
				21252CF71A587102001E649A /* CardGameAppDelegate.h */,
				21252CF81A587102001E649A /* CardGameAppDelegate.m */,
				21252CF41A587102001E649A /* Info.plist */,
				21252CF51A587102001E649A /* main.m */,
			);
			name = "Supporting Files";
			sourceTree = "<group>";
		};
		21252D0C1A587102001E649A /* MatchismoTests */ = {
			isa = PBXGroup;
			children = (
				21252D0F1A587102001E649A /* MatchismoTests.m */,
				21252D0D1A587102001E649A /* Supporting Files */,
			);
			path = MatchismoTests;
			sourceTree = "<group>";
		};
		21252D0D1A587102001E649A /* Supporting Files */ = {
			isa = PBXGroup;
			children = (
				21252D0E1A587102001E649A /* Info.plist */,
			);
			name = "Supporting Files";
			sourceTree = "<group>";
		};
		21252D1C1A588AB4001E649A /* Model */ = {
			isa = PBXGroup;
			children = (
				21252D191A5889B5001E649A /* Card.h */,
				21252D1D1A588C37001E649A /* PlayingCard.h */,
				21252D1E1A588C37001E649A /* PlayingCard.m */,
				21252D201A588E64001E649A /* Deck.h */,
				21252D211A588E64001E649A /* Deck.m */,
				21252D231A58907E001E649A /* PlayingCardDeck.h */,
				21252D241A58907E001E649A /* PlayingCardDeck.m */,
				21252D1A1A5889B5001E649A /* Card.m */,
			);
			name = Model;
			sourceTree = "<group>";
		};
/* End PBXGroup section */

/* Begin PBXNativeTarget section */
		21252CEF1A587102001E649A /* Matchismo */ = {
			isa = PBXNativeTarget;
			buildConfigurationList = 21252D131A587102001E649A /* Build configuration list for PBXNativeTarget "Matchismo" */;
			buildPhases = (
				21252CEC1A587102001E649A /* Sources */,
				21252CED1A587102001E649A /* Frameworks */,
				21252CEE1A587102001E649A /* Resources */,
			);
			buildRules = (
			);
			dependencies = (
			);
			name = Matchismo;
			productName = Matchismo;
			productReference = 21252CF01A587102001E649A /* Matchismo.app */;
			productType = "com.apple.product-type.application";
		};
		21252D081A587102001E649A /* MatchismoTests */ = {
			isa = PBXNativeTarget;
			buildConfigurationList = 21252D161A587102001E649A /* Build configuration list for PBXNativeTarget "MatchismoTests" */;
			buildPhases = (
				21252D051A587102001E649A /* Sources */,
				21252D061A587102001E649A /* Frameworks */,
				21252D071A587102001E649A /* Resources */,
			);
			buildRules = (
			);
			dependencies = (
				21252D0B1A587102001E649A /* PBXTargetDependency */,
			);
			name = MatchismoTests;
			productName = MatchismoTests;
			productReference = 21252D091A587102001E649A /* MatchismoTests.xctest */;
			productType = "com.apple.product-type.bundle.unit-test";
		};
/* End PBXNativeTarget section */

/* Begin PBXProject section */
		21252CE81A587102001E649A /* Project object */ = {
			isa = PBXProject;
			attributes = {
				LastUpgradeCheck = 0610;
				ORGANIZATIONNAME = Fun;
				TargetAttributes = {
					21252CEF1A587102001E649A = {
						CreatedOnToolsVersion = 6.1.1;
					};
					21252D081A587102001E649A = {
						CreatedOnToolsVersion = 6.1.1;
						TestTargetID = 21252CEF1A587102001E649A;
					};
				};
			};
			buildConfigurationList = 21252CEB1A587102001E649A /* Build configuration list for PBXProject "Matchismo" */;
			compatibilityVersion = "Xcode 3.2";
			developmentRegion = English;
			hasScannedForEncodings = 0;
			knownRegions = (
				en,
				Base,
			);
			mainGroup = 21252CE71A587102001E649A;
			productRefGroup = 21252CF11A587102001E649A /* Products */;
			projectDirPath = "";
			projectRoot = "";
			targets = (
				21252CEF1A587102001E649A /* Matchismo */,
				21252D081A587102001E649A /* MatchismoTests */,
			);
		};
/* End PBXProject section */

/* Begin PBXResourcesBuildPhase section */
		21252CEE1A587102001E649A /* Resources */ = {
			isa = PBXResourcesBuildPhase;
			buildActionMask = 2147483647;
			files = (
				21252CFF1A587102001E649A /* Main.storyboard in Resources */,
				21252D041A587102001E649A /* LaunchScreen.xib in Resources */,
				21252D011A587102001E649A /* Images.xcassets in Resources */,
			);
			runOnlyForDeploymentPostprocessing = 0;
		};
		21252D071A587102001E649A /* Resources */ = {
			isa = PBXResourcesBuildPhase;
			buildActionMask = 2147483647;
			files = (
			);
			runOnlyForDeploymentPostprocessing = 0;
		};
/* End PBXResourcesBuildPhase section */

/* Begin PBXSourcesBuildPhase section */
		21252CEC1A587102001E649A /* Sources */ = {
			isa = PBXSourcesBuildPhase;
			buildActionMask = 2147483647;
			files = (
				21252CFC1A587102001E649A /* CardGameViewController.m in Sources */,
				21252CF91A587102001E649A /* CardGameAppDelegate.m in Sources */,
				21252CF61A587102001E649A /* main.m in Sources */,
				21252D1F1A588C37001E649A /* PlayingCard.m in Sources */,
				21252D251A58907E001E649A /* PlayingCardDeck.m in Sources */,
				21252D221A588E64001E649A /* Deck.m in Sources */,
				21252D1B1A5889B5001E649A /* Card.m in Sources */,
			);
			runOnlyForDeploymentPostprocessing = 0;
		};
		21252D051A587102001E649A /* Sources */ = {
			isa = PBXSourcesBuildPhase;
			buildActionMask = 2147483647;
			files = (
				21252D101A587102001E649A /* MatchismoTests.m in Sources */,
			);
			runOnlyForDeploymentPostprocessing = 0;
		};
/* End PBXSourcesBuildPhase section */

/* Begin PBXTargetDependency section */
		21252D0B1A587102001E649A /* PBXTargetDependency */ = {
			isa = PBXTargetDependency;
			target = 21252CEF1A587102001E649A /* Matchismo */;
			targetProxy = 21252D0A1A587102001E649A /* PBXContainerItemProxy */;
		};
/* End PBXTargetDependency section */

/* Begin PBXVariantGroup section */
		21252CFD1A587102001E649A /* Main.storyboard */ = {
			isa = PBXVariantGroup;
			children = (
				21252CFE1A587102001E649A /* Base */,
			);
			name = Main.storyboard;
			sourceTree = "<group>";
		};
		21252D021A587102001E649A /* LaunchScreen.xib */ = {
			isa = PBXVariantGroup;
			children = (
				21252D031A587102001E649A /* Base */,
			);
			name = LaunchScreen.xib;
			sourceTree = "<group>";
		};
/* End PBXVariantGroup section */

/* Begin XCBuildConfiguration section */
		21252D111A587102001E649A /* Debug */ = {
			isa = XCBuildConfiguration;
			buildSettings = {
				ALWAYS_SEARCH_USER_PATHS = NO;
				CLANG_CXX_LANGUAGE_STANDARD = "gnu++0x";
				CLANG_CXX_LIBRARY = "libc++";
				CLANG_ENABLE_MODULES = YES;
				CLANG_ENABLE_OBJC_ARC = YES;
				CLANG_WARN_BOOL_CONVERSION = YES;
				CLANG_WARN_CONSTANT_CONVERSION = YES;
				CLANG_WARN_DIRECT_OBJC_ISA_USAGE = YES_ERROR;
				CLANG_WARN_EMPTY_BODY = YES;
				CLANG_WARN_ENUM_CONVERSION = YES;
				CLANG_WARN_INT_CONVERSION = YES;
				CLANG_WARN_OBJC_ROOT_CLASS = YES_ERROR;
				CLANG_WARN_UNREACHABLE_CODE = YES;
				CLANG_WARN__DUPLICATE_METHOD_MATCH = YES;
				"CODE_SIGN_IDENTITY[sdk=iphoneos*]" = "iPhone Developer";
				COPY_PHASE_STRIP = NO;
				ENABLE_STRICT_OBJC_MSGSEND = YES;
				GCC_C_LANGUAGE_STANDARD = gnu99;
				GCC_DYNAMIC_NO_PIC = NO;
				GCC_OPTIMIZATION_LEVEL = 0;
				GCC_PREPROCESSOR_DEFINITIONS = (
					"DEBUG=1",
					"$(inherited)",
				);
				GCC_SYMBOLS_PRIVATE_EXTERN = NO;
				GCC_WARN_64_TO_32_BIT_CONVERSION = YES;
				GCC_WARN_ABOUT_RETURN_TYPE = YES_ERROR;
				GCC_WARN_UNDECLARED_SELECTOR = YES;
				GCC_WARN_UNINITIALIZED_AUTOS = YES_AGGRESSIVE;
				GCC_WARN_UNUSED_FUNCTION = YES;
				GCC_WARN_UNUSED_VARIABLE = YES;
				IPHONEOS_DEPLOYMENT_TARGET = 8.1;
				MTL_ENABLE_DEBUG_INFO = YES;
				ONLY_ACTIVE_ARCH = YES;
				SDKROOT = iphoneos;
			};
			name = Debug;
		};
		21252D121A587102001E649A /* Release */ = {
			isa = XCBuildConfiguration;
			buildSettings = {
				ALWAYS_SEARCH_USER_PATHS = NO;
				CLANG_CXX_LANGUAGE_STANDARD = "gnu++0x";
				CLANG_CXX_LIBRARY = "libc++";
				CLANG_ENABLE_MODULES = YES;
				CLANG_ENABLE_OBJC_ARC = YES;
				CLANG_WARN_BOOL_CONVERSION = YES;
				CLANG_WARN_CONSTANT_CONVERSION = YES;
				CLANG_WARN_DIRECT_OBJC_ISA_USAGE = YES_ERROR;
				CLANG_WARN_EMPTY_BODY = YES;
				CLANG_WARN_ENUM_CONVERSION = YES;
				CLANG_WARN_INT_CONVERSION = YES;
				CLANG_WARN_OBJC_ROOT_CLASS = YES_ERROR;
				CLANG_WARN_UNREACHABLE_CODE = YES;
				CLANG_WARN__DUPLICATE_METHOD_MATCH = YES;
				"CODE_SIGN_IDENTITY[sdk=iphoneos*]" = "iPhone Developer";
				COPY_PHASE_STRIP = YES;
				ENABLE_NS_ASSERTIONS = NO;
				ENABLE_STRICT_OBJC_MSGSEND = YES;
				GCC_C_LANGUAGE_STANDARD = gnu99;
				GCC_WARN_64_TO_32_BIT_CONVERSION = YES;
				GCC_WARN_ABOUT_RETURN_TYPE = YES_ERROR;
				GCC_WARN_UNDECLARED_SELECTOR = YES;
				GCC_WARN_UNINITIALIZED_AUTOS = YES_AGGRESSIVE;
				GCC_WARN_UNUSED_FUNCTION = YES;
				GCC_WARN_UNUSED_VARIABLE = YES;
				IPHONEOS_DEPLOYMENT_TARGET = 8.1;
				MTL_ENABLE_DEBUG_INFO = NO;
				SDKROOT = iphoneos;
				VALIDATE_PRODUCT = YES;
			};
			name = Release;
		};
		21252D141A587102001E649A /* Debug */ = {
			isa = XCBuildConfiguration;
			buildSettings = {
				ASSETCATALOG_COMPILER_APPICON_NAME = AppIcon;
				INFOPLIST_FILE = Matchismo/Info.plist;
				LD_RUNPATH_SEARCH_PATHS = "$(inherited) @executable_path/Frameworks";
				PRODUCT_NAME = "$(TARGET_NAME)";
			};
			name = Debug;
		};
		21252D151A587102001E649A /* Release */ = {
			isa = XCBuildConfiguration;
			buildSettings = {
				ASSETCATALOG_COMPILER_APPICON_NAME = AppIcon;
				INFOPLIST_FILE = Matchismo/Info.plist;
				LD_RUNPATH_SEARCH_PATHS = "$(inherited) @executable_path/Frameworks";
				PRODUCT_NAME = "$(TARGET_NAME)";
			};
			name = Release;
		};
		21252D171A587102001E649A /* Debug */ = {
			isa = XCBuildConfiguration;
			buildSettings = {
				BUNDLE_LOADER = "$(TEST_HOST)";
				FRAMEWORK_SEARCH_PATHS = (
					"$(SDKROOT)/Developer/Library/Frameworks",
					"$(inherited)",
				);
				GCC_PREPROCESSOR_DEFINITIONS = (
					"DEBUG=1",
					"$(inherited)",
				);
				INFOPLIST_FILE = MatchismoTests/Info.plist;
				LD_RUNPATH_SEARCH_PATHS = "$(inherited) @executable_path/Frameworks @loader_path/Frameworks";
				PRODUCT_NAME = "$(TARGET_NAME)";
				TEST_HOST = "$(BUILT_PRODUCTS_DIR)/Matchismo.app/Matchismo";
			};
			name = Debug;
		};
		21252D181A587102001E649A /* Release */ = {
			isa = XCBuildConfiguration;
			buildSettings = {
				BUNDLE_LOADER = "$(TEST_HOST)";
				FRAMEWORK_SEARCH_PATHS = (
					"$(SDKROOT)/Developer/Library/Frameworks",
					"$(inherited)",
				);
				INFOPLIST_FILE = MatchismoTests/Info.plist;
				LD_RUNPATH_SEARCH_PATHS = "$(inherited) @executable_path/Frameworks @loader_path/Frameworks";
				PRODUCT_NAME = "$(TARGET_NAME)";
				TEST_HOST = "$(BUILT_PRODUCTS_DIR)/Matchismo.app/Matchismo";
			};
			name = Release;
		};
/* End XCBuildConfiguration section */

/* Begin XCConfigurationList section */
		21252CEB1A587102001E649A /* Build configuration list for PBXProject "Matchismo" */ = {
			isa = XCConfigurationList;
			buildConfigurations = (
				21252D111A587102001E649A /* Debug */,
				21252D121A587102001E649A /* Release */,
			);
			defaultConfigurationIsVisible = 0;
			defaultConfigurationName = Release;
		};
		21252D131A587102001E649A /* Build configuration list for PBXNativeTarget "Matchismo" */ = {
			isa = XCConfigurationList;
			buildConfigurations = (
				21252D141A587102001E649A /* Debug */,
				21252D151A587102001E649A /* Release */,
			);
			defaultConfigurationIsVisible = 0;
			defaultConfigurationName = Release;
		};
		21252D161A587102001E649A /* Build configuration list for PBXNativeTarget "MatchismoTests" */ = {
			isa = XCConfigurationList;
			buildConfigurations = (
				21252D171A587102001E649A /* Debug */,
				21252D181A587102001E649A /* Release */,
			);
			defaultConfigurationIsVisible = 0;
			defaultConfigurationName = Release;
		};
/* End XCConfigurationList section */
	};
	rootObject = 21252CE81A587102001E649A /* Project object */;
}
